
Microsoft Visual Studio Solution File, Format Version 12.00
# Visual Studio Version 17
VisualStudioVersion = 17.5.33530.505
MinimumVisualStudioVersion = 10.0.40219.1
Project("{FAE04EC0-301F-11D3-BF4B-00C04F79EFBC}") = "AppInglesCriancas.Android", "AppInglesCriancas\AppInglesCriancas.Android\AppInglesCriancas.Android.csproj", "{8D8B192E-9B7C-41B8-B93F-E271C705B79B}"
EndProject
Project("{FAE04EC0-301F-11D3-BF4B-00C04F79EFBC}") = "AppInglesCriancas", "AppInglesCriancas\AppInglesCriancas\AppInglesCriancas.csproj", "{1C2FE9A0-2215-45E7-9416-077DB0B119C4}"
EndProject
Global
	GlobalSection(SolutionConfigurationPlatforms) = preSolution
		Debug|Any CPU = Debug|Any CPU
		Release|Any CPU = Release|Any CPU
	EndGlobalSection
	GlobalSection(ProjectConfigurationPlatforms) = postSolution
		{8D8B192E-9B7C-41B8-B93F-E271C705B79B}.Debug|Any CPU.ActiveCfg = Debug|Any CPU
		{8D8B192E-9B7C-41B8-B93F-E271C705B79B}.Debug|Any CPU.Build.0 = Debug|Any CPU
		{8D8B192E-9B7C-41B8-B93F-E271C705B79B}.Debug|Any CPU.Deploy.0 = Debug|Any CPU
		{8D8B192E-9B7C-41B8-B93F-E271C705B79B}.Release|Any CPU.ActiveCfg = Release|Any CPU
		{8D8B192E-9B7C-41B8-B93F-E271C705B79B}.Release|Any CPU.Build.0 = Release|Any CPU
		{8D8B192E-9B7C-41B8-B93F-E271C705B79B}.Release|Any CPU.Deploy.0 = Release|Any CPU
		{1C2FE9A0-2215-45E7-9416-077DB0B119C4}.Debug|Any CPU.ActiveCfg = Debug|Any CPU
		{1C2FE9A0-2215-45E7-9416-077DB0B119C4}.Debug|Any CPU.Build.0 = Debug|Any CPU
		{1C2FE9A0-2215-45E7-9416-077DB0B119C4}.Debug|Any CPU.Deploy.0 = Debug|Any CPU
		{1C2FE9A0-2215-45E7-9416-077DB0B119C4}.Release|Any CPU.ActiveCfg = Release|Any CPU
		{1C2FE9A0-2215-45E7-9416-077DB0B119C4}.Release|Any CPU.Build.0 = Release|Any CPU
		{1C2FE9A0-2215-45E7-9416-077DB0B119C4}.Release|Any CPU.Deploy.0 = Release|Any CPU
	EndGlobalSection
	GlobalSection(SolutionProperties) = preSolution
		HideSolutionNode = FALSE
	EndGlobalSection
	GlobalSection(ExtensibilityGlobals) = postSolution
		SolutionGuid = {92802DE7-174F-4A2F-A8CE-BB590D855515}
	EndGlobalSection
EndGlobal
